
Microsoft Visual Studio Solution File, Format Version 12.00
# Visual Studio Version 16
VisualStudioVersion = 16.0.31702.278
MinimumVisualStudioVersion = 10.0.40219.1
Project("{FAE04EC0-301F-11D3-BF4B-00C04F79EFBC}") = "Tree", "Tree\Tree.csproj", "{09F47E65-3C6C-4FAA-A4B3-A45774F74C78}"
EndProject
Global
	GlobalSection(SolutionConfigurationPlatforms) = preSolution
		Debug|Any CPU = Debug|Any CPU
		Release|Any CPU = Release|Any CPU
	EndGlobalSection
	GlobalSection(ProjectConfigurationPlatforms) = postSolution
		{09F47E65-3C6C-4FAA-A4B3-A45774F74C78}.Debug|Any CPU.ActiveCfg = Debug|Any CPU
		{09F47E65-3C6C-4FAA-A4B3-A45774F74C78}.Debug|Any CPU.Build.0 = Debug|Any CPU
		{09F47E65-3C6C-4FAA-A4B3-A45774F74C78}.Release|Any CPU.ActiveCfg = Release|Any CPU
		{09F47E65-3C6C-4FAA-A4B3-A45774F74C78}.Release|Any CPU.Build.0 = Release|Any CPU
	EndGlobalSection
	GlobalSection(SolutionProperties) = preSolution
		HideSolutionNode = FALSE
	EndGlobalSection
	GlobalSection(ExtensibilityGlobals) = postSolution
		SolutionGuid = {D5A04FDA-47A4-4B56-8D3F-222D3F0280AC}
	EndGlobalSection
EndGlobal
