
Microsoft Visual Studio Solution File, Format Version 12.00
# Visual Studio Version 17
VisualStudioVersion = 17.2.32526.322
MinimumVisualStudioVersion = 10.0.40219.1
Project("{FAE04EC0-301F-11D3-BF4B-00C04F79EFBC}") = "RecursiveInteractiveSequence", "RecursiveInteractiveSequence\RecursiveInteractiveSequence.csproj", "{745A4F8F-C3BA-425F-864D-70CCDD8335A3}"
EndProject
Global
	GlobalSection(SolutionConfigurationPlatforms) = preSolution
		Debug|Any CPU = Debug|Any CPU
		Release|Any CPU = Release|Any CPU
	EndGlobalSection
	GlobalSection(ProjectConfigurationPlatforms) = postSolution
		{745A4F8F-C3BA-425F-864D-70CCDD8335A3}.Debug|Any CPU.ActiveCfg = Debug|Any CPU
		{745A4F8F-C3BA-425F-864D-70CCDD8335A3}.Debug|Any CPU.Build.0 = Debug|Any CPU
		{745A4F8F-C3BA-425F-864D-70CCDD8335A3}.Release|Any CPU.ActiveCfg = Release|Any CPU
		{745A4F8F-C3BA-425F-864D-70CCDD8335A3}.Release|Any CPU.Build.0 = Release|Any CPU
	EndGlobalSection
	GlobalSection(SolutionProperties) = preSolution
		HideSolutionNode = FALSE
	EndGlobalSection
	GlobalSection(ExtensibilityGlobals) = postSolution
		SolutionGuid = {D83D505E-0A03-425F-B77A-0EE2D11905E8}
	EndGlobalSection
EndGlobal
